
Microsoft Visual Studio Solution File, Format Version 12.00
# Visual Studio 15
VisualStudioVersion = 15.0.26730.12
MinimumVisualStudioVersion = 10.0.40219.1
Project("{FAE04EC0-301F-11D3-BF4B-00C04F79EFBC}") = "Week10-Calculator", "Week10-Calculator\Week10-Calculator.csproj", "{520F5080-C2EF-4B5F-A2AF-01DFAC0CCE93}"
EndProject
Global
	GlobalSection(SolutionConfigurationPlatforms) = preSolution
		Debug|Any CPU = Debug|Any CPU
		Release|Any CPU = Release|Any CPU
	EndGlobalSection
	GlobalSection(ProjectConfigurationPlatforms) = postSolution
		{520F5080-C2EF-4B5F-A2AF-01DFAC0CCE93}.Debug|Any CPU.ActiveCfg = Debug|Any CPU
		{520F5080-C2EF-4B5F-A2AF-01DFAC0CCE93}.Debug|Any CPU.Build.0 = Debug|Any CPU
		{520F5080-C2EF-4B5F-A2AF-01DFAC0CCE93}.Release|Any CPU.ActiveCfg = Release|Any CPU
		{520F5080-C2EF-4B5F-A2AF-01DFAC0CCE93}.Release|Any CPU.Build.0 = Release|Any CPU
	EndGlobalSection
	GlobalSection(SolutionProperties) = preSolution
		HideSolutionNode = FALSE
	EndGlobalSection
	GlobalSection(ExtensibilityGlobals) = postSolution
		SolutionGuid = {33D79B52-2577-4558-B285-96DBE7D58E1D}
	EndGlobalSection
EndGlobal
